# @generated by Move, please check-in and do not edit manually.

[move]
version = 3
manifest_digest = "02DEF167B560253B782DDFB2CD6D0E790348CAFF647CEB1EBD53221DEC0347BE"
deps_digest = "397E6A9F7A624706DBDFEE056CE88391A15876868FD18A88504DA74EB458D697"
dependencies = [
  { id = "AxelarGateway", name = "AxelarGateway" },
  { id = "GasService", name = "GasService" },
  { id = "InterchainTokenService", name = "InterchainTokenService" },
  { id = "RelayerDiscovery", name = "RelayerDiscovery" },
  { id = "Sui", name = "Sui" },
]

[[move.package]]
id = "Abi"
source = { git = "https://github.com/buidly/axelar-cgp-sui", rev = "38f155a178816d531dcf342a929f4f91bbd3a763", subdir = "move/abi" }

dependencies = [
  { id = "Sui", name = "Sui" },
]

[[move.package]]
id = "AxelarGateway"
source = { git = "https://github.com/buidly/axelar-cgp-sui", rev = "38f155a178816d531dcf342a929f4f91bbd3a763", subdir = "move/axelar_gateway" }

dependencies = [
  { id = "MoveStdlib", name = "MoveStdlib" },
  { id = "Sui", name = "Sui" },
  { id = "Utils", name = "Utils" },
  { id = "VersionControl", name = "VersionControl" },
]

[[move.package]]
id = "GasService"
source = { git = "https://github.com/buidly/axelar-cgp-sui", rev = "38f155a178816d531dcf342a929f4f91bbd3a763", subdir = "move/gas_service" }

dependencies = [
  { id = "AxelarGateway", name = "AxelarGateway" },
  { id = "Sui", name = "Sui" },
  { id = "VersionControl", name = "VersionControl" },
]

[[move.package]]
id = "InterchainTokenService"
source = { git = "https://github.com/buidly/axelar-cgp-sui", rev = "38f155a178816d531dcf342a929f4f91bbd3a763", subdir = "move/interchain_token_service" }

dependencies = [
  { id = "Abi", name = "Abi" },
  { id = "AxelarGateway", name = "AxelarGateway" },
  { id = "RelayerDiscovery", name = "RelayerDiscovery" },
  { id = "Sui", name = "Sui" },
  { id = "Utils", name = "Utils" },
  { id = "VersionControl", name = "VersionControl" },
]

[[move.package]]
id = "MoveStdlib"
source = { git = "https://github.com/MystenLabs/sui.git", rev = "mainnet-v1.38.3", subdir = "crates/sui-framework/packages/move-stdlib" }

[[move.package]]
id = "RelayerDiscovery"
source = { git = "https://github.com/buidly/axelar-cgp-sui", rev = "38f155a178816d531dcf342a929f4f91bbd3a763", subdir = "move/relayer_discovery" }

dependencies = [
  { id = "AxelarGateway", name = "AxelarGateway" },
  { id = "Sui", name = "Sui" },
  { id = "VersionControl", name = "VersionControl" },
]

[[move.package]]
id = "Sui"
source = { git = "https://github.com/MystenLabs/sui.git", rev = "mainnet-v1.38.3", subdir = "crates/sui-framework/packages/sui-framework" }

dependencies = [
  { id = "MoveStdlib", name = "MoveStdlib" },
]

[[move.package]]
id = "Utils"
source = { git = "https://github.com/buidly/axelar-cgp-sui", rev = "38f155a178816d531dcf342a929f4f91bbd3a763", subdir = "move/utils" }

dependencies = [
  { id = "Sui", name = "Sui" },
]

[[move.package]]
id = "VersionControl"
source = { git = "https://github.com/buidly/axelar-cgp-sui", rev = "38f155a178816d531dcf342a929f4f91bbd3a763", subdir = "move/version_control" }

dependencies = [
  { id = "Sui", name = "Sui" },
]

[move.toolchain-version]
compiler-version = "1.43.1"
edition = "2024.beta"
flavor = "sui"
